
Microsoft Visual Studio Solution File, Format Version 12.00
# Visual Studio 15
VisualStudioVersion = 15.0.28307.421
MinimumVisualStudioVersion = 10.0.40219.1
Project("{FAE04EC0-301F-11D3-BF4B-00C04F79EFBC}") = "MVC", "MVC\MVC.csproj", "{825D6E84-92E9-4F33-8F0C-6C505116A127}"
EndProject
Global
	GlobalSection(SolutionConfigurationPlatforms) = preSolution
		Debug|Any CPU = Debug|Any CPU
		Release|Any CPU = Release|Any CPU
	EndGlobalSection
	GlobalSection(ProjectConfigurationPlatforms) = postSolution
		{825D6E84-92E9-4F33-8F0C-6C505116A127}.Debug|Any CPU.ActiveCfg = Debug|Any CPU
		{825D6E84-92E9-4F33-8F0C-6C505116A127}.Debug|Any CPU.Build.0 = Debug|Any CPU
		{825D6E84-92E9-4F33-8F0C-6C505116A127}.Release|Any CPU.ActiveCfg = Release|Any CPU
		{825D6E84-92E9-4F33-8F0C-6C505116A127}.Release|Any CPU.Build.0 = Release|Any CPU
	EndGlobalSection
	GlobalSection(SolutionProperties) = preSolution
		HideSolutionNode = FALSE
	EndGlobalSection
	GlobalSection(ExtensibilityGlobals) = postSolution
		SolutionGuid = {355F27A3-A444-4B61-BB73-2BE951E9EDEB}
	EndGlobalSection
EndGlobal
